
Microsoft Visual Studio Solution File, Format Version 12.00
# Visual Studio 15
VisualStudioVersion = 15.0.28010.2026
MinimumVisualStudioVersion = 10.0.40219.1
Project("{FAE04EC0-301F-11D3-BF4B-00C04F79EFBC}") = "FameDocumentUploaderSvc", "FameDocumentUploaderSvc\FameDocumentUploaderSvc.csproj", "{E4F71BD4-75A3-4D23-95BA-74B90265D83E}"
EndProject
Project("{FAE04EC0-301F-11D3-BF4B-00C04F79EFBC}") = "TestConsole", "..\fameUploadConsole\fameUploadConsole\TestConsole.csproj", "{BAEDC842-1060-453F-BD18-F41CC8E2CC7C}"
EndProject
Project("{FAE04EC0-301F-11D3-BF4B-00C04F79EFBC}") = "DocumentImporter", "DocumentImporter\DocumentImporter.csproj", "{73724A98-1D79-45A5-A544-A8A5590CCFEE}"
EndProject
Project("{FAE04EC0-301F-11D3-BF4B-00C04F79EFBC}") = "UpdateDocumentStructure", "UpdateDocumentStructure\UpdateDocumentStructure.csproj", "{C5DE023C-DD68-4684-B869-E312357B6667}"
EndProject
Global
	GlobalSection(SolutionConfigurationPlatforms) = preSolution
		Debug|Any CPU = Debug|Any CPU
		Release|Any CPU = Release|Any CPU
	EndGlobalSection
	GlobalSection(ProjectConfigurationPlatforms) = postSolution
		{E4F71BD4-75A3-4D23-95BA-74B90265D83E}.Debug|Any CPU.ActiveCfg = Debug|Any CPU
		{E4F71BD4-75A3-4D23-95BA-74B90265D83E}.Debug|Any CPU.Build.0 = Debug|Any CPU
		{E4F71BD4-75A3-4D23-95BA-74B90265D83E}.Release|Any CPU.ActiveCfg = Release|Any CPU
		{E4F71BD4-75A3-4D23-95BA-74B90265D83E}.Release|Any CPU.Build.0 = Release|Any CPU
		{BAEDC842-1060-453F-BD18-F41CC8E2CC7C}.Debug|Any CPU.ActiveCfg = Debug|Any CPU
		{BAEDC842-1060-453F-BD18-F41CC8E2CC7C}.Debug|Any CPU.Build.0 = Debug|Any CPU
		{BAEDC842-1060-453F-BD18-F41CC8E2CC7C}.Release|Any CPU.ActiveCfg = Release|Any CPU
		{BAEDC842-1060-453F-BD18-F41CC8E2CC7C}.Release|Any CPU.Build.0 = Release|Any CPU
		{73724A98-1D79-45A5-A544-A8A5590CCFEE}.Debug|Any CPU.ActiveCfg = Debug|Any CPU
		{73724A98-1D79-45A5-A544-A8A5590CCFEE}.Debug|Any CPU.Build.0 = Debug|Any CPU
		{73724A98-1D79-45A5-A544-A8A5590CCFEE}.Release|Any CPU.ActiveCfg = Release|Any CPU
		{73724A98-1D79-45A5-A544-A8A5590CCFEE}.Release|Any CPU.Build.0 = Release|Any CPU
		{C5DE023C-DD68-4684-B869-E312357B6667}.Debug|Any CPU.ActiveCfg = Debug|Any CPU
		{C5DE023C-DD68-4684-B869-E312357B6667}.Debug|Any CPU.Build.0 = Debug|Any CPU
		{C5DE023C-DD68-4684-B869-E312357B6667}.Release|Any CPU.ActiveCfg = Release|Any CPU
		{C5DE023C-DD68-4684-B869-E312357B6667}.Release|Any CPU.Build.0 = Release|Any CPU
	EndGlobalSection
	GlobalSection(SolutionProperties) = preSolution
		HideSolutionNode = FALSE
	EndGlobalSection
	GlobalSection(ExtensibilityGlobals) = postSolution
		SolutionGuid = {4A73FF4D-A749-44E6-ADA7-AC615EB2F6D9}
	EndGlobalSection
EndGlobal
